
Microsoft Visual Studio Solution File, Format Version 12.00
# Visual Studio Version 17
VisualStudioVersion = 17.9.34723.18
MinimumVisualStudioVersion = 10.0.40219.1
Project("{FAE04EC0-301F-11D3-BF4B-00C04F79EFBC}") = "pryNave9", "pryNave9.csproj", "{BFE3AD57-F643-465F-BF86-439038ECABDD}"
EndProject
Global
	GlobalSection(SolutionConfigurationPlatforms) = preSolution
		Debug|Any CPU = Debug|Any CPU
		Release|Any CPU = Release|Any CPU
	EndGlobalSection
	GlobalSection(ProjectConfigurationPlatforms) = postSolution
		{BFE3AD57-F643-465F-BF86-439038ECABDD}.Debug|Any CPU.ActiveCfg = Debug|Any CPU
		{BFE3AD57-F643-465F-BF86-439038ECABDD}.Debug|Any CPU.Build.0 = Debug|Any CPU
		{BFE3AD57-F643-465F-BF86-439038ECABDD}.Release|Any CPU.ActiveCfg = Release|Any CPU
		{BFE3AD57-F643-465F-BF86-439038ECABDD}.Release|Any CPU.Build.0 = Release|Any CPU
	EndGlobalSection
	GlobalSection(SolutionProperties) = preSolution
		HideSolutionNode = FALSE
	EndGlobalSection
	GlobalSection(ExtensibilityGlobals) = postSolution
		SolutionGuid = {DF03EA73-9ECE-4EC3-9F4D-C59BB05BF968}
	EndGlobalSection
EndGlobal
